
Microsoft Visual Studio Solution File, Format Version 12.00
# Visual Studio Version 17
VisualStudioVersion = 17.11.35222.181
MinimumVisualStudioVersion = 10.0.40219.1
Project("{FAE04EC0-301F-11D3-BF4B-00C04F79EFBC}") = "casino game", "casino game\casino game.csproj", "{6F757576-5601-4A33-90AB-91782871B15B}"
EndProject
Global
	GlobalSection(SolutionConfigurationPlatforms) = preSolution
		Debug|Any CPU = Debug|Any CPU
		Release|Any CPU = Release|Any CPU
	EndGlobalSection
	GlobalSection(ProjectConfigurationPlatforms) = postSolution
		{6F757576-5601-4A33-90AB-91782871B15B}.Debug|Any CPU.ActiveCfg = Debug|Any CPU
		{6F757576-5601-4A33-90AB-91782871B15B}.Debug|Any CPU.Build.0 = Debug|Any CPU
		{6F757576-5601-4A33-90AB-91782871B15B}.Release|Any CPU.ActiveCfg = Release|Any CPU
		{6F757576-5601-4A33-90AB-91782871B15B}.Release|Any CPU.Build.0 = Release|Any CPU
	EndGlobalSection
	GlobalSection(SolutionProperties) = preSolution
		HideSolutionNode = FALSE
	EndGlobalSection
	GlobalSection(ExtensibilityGlobals) = postSolution
		SolutionGuid = {EDAD1FDB-5155-49C9-B1AD-D65DC8C9714F}
	EndGlobalSection
EndGlobal
